// !$*UTF8*$!
{
	archiveVersion = 1;
	classes = {
	};
	objectVersion = 50;
	objects = {

/* Begin PBXBuildFile section */
		C81F7F5724CE72BE000A748D /* AppDelegate.swift in Sources */ = {isa = PBXBuildFile; fileRef = C81F7F5624CE72BE000A748D /* AppDelegate.swift */; };
		C81F7F5924CE72BE000A748D /* SceneDelegate.swift in Sources */ = {isa = PBXBuildFile; fileRef = C81F7F5824CE72BE000A748D /* SceneDelegate.swift */; };
		C81F7F5B24CE72BE000A748D /* ViewController.swift in Sources */ = {isa = PBXBuildFile; fileRef = C81F7F5A24CE72BE000A748D /* ViewController.swift */; };
		C81F7F5E24CE72BE000A748D /* Main.storyboard in Resources */ = {isa = PBXBuildFile; fileRef = C81F7F5C24CE72BE000A748D /* Main.storyboard */; };
		C81F7F6024CE72BF000A748D /* Assets.xcassets in Resources */ = {isa = PBXBuildFile; fileRef = C81F7F5F24CE72BF000A748D /* Assets.xcassets */; };
		C81F7F6324CE72BF000A748D /* LaunchScreen.storyboard in Resources */ = {isa = PBXBuildFile; fileRef = C81F7F6124CE72BF000A748D /* LaunchScreen.storyboard */; };
		C851808124CE75C7007E22EA /* ViewControllerStyler.swift in Sources */ = {isa = PBXBuildFile; fileRef = C851808024CE75C7007E22EA /* ViewControllerStyler.swift */; };
		C851808424CE7603007E22EA /* CurrencyTextField.swift in Sources */ = {isa = PBXBuildFile; fileRef = C851808324CE7603007E22EA /* CurrencyTextField.swift */; };
		C851808724CE76FE007E22EA /* Poppins-Regular.ttf in Resources */ = {isa = PBXBuildFile; fileRef = C851808624CE76FE007E22EA /* Poppins-Regular.ttf */; };
/* End PBXBuildFile section */

/* Begin PBXFileReference section */
		C81F7F5324CE72BE000A748D /* TipPal.app */ = {isa = PBXFileReference; explicitFileType = wrapper.application; includeInIndex = 0; path = TipPal.app; sourceTree = BUILT_PRODUCTS_DIR; };
		C81F7F5624CE72BE000A748D /* AppDelegate.swift */ = {isa = PBXFileReference; lastKnownFileType = sourcecode.swift; path = AppDelegate.swift; sourceTree = "<group>"; };
		C81F7F5824CE72BE000A748D /* SceneDelegate.swift */ = {isa = PBXFileReference; lastKnownFileType = sourcecode.swift; path = SceneDelegate.swift; sourceTree = "<group>"; };
		C81F7F5A24CE72BE000A748D /* ViewController.swift */ = {isa = PBXFileReference; lastKnownFileType = sourcecode.swift; path = ViewController.swift; sourceTree = "<group>"; };
		C81F7F5D24CE72BE000A748D /* Base */ = {isa = PBXFileReference; lastKnownFileType = file.storyboard; name = Base; path = Base.lproj/Main.storyboard; sourceTree = "<group>"; };
		C81F7F5F24CE72BF000A748D /* Assets.xcassets */ = {isa = PBXFileReference; lastKnownFileType = folder.assetcatalog; path = Assets.xcassets; sourceTree = "<group>"; };
		C81F7F6224CE72BF000A748D /* Base */ = {isa = PBXFileReference; lastKnownFileType = file.storyboard; name = Base; path = Base.lproj/LaunchScreen.storyboard; sourceTree = "<group>"; };
		C81F7F6424CE72BF000A748D /* Info.plist */ = {isa = PBXFileReference; lastKnownFileType = text.plist.xml; path = Info.plist; sourceTree = "<group>"; };
		C851808024CE75C7007E22EA /* ViewControllerStyler.swift */ = {isa = PBXFileReference; lastKnownFileType = sourcecode.swift; path = ViewControllerStyler.swift; sourceTree = "<group>"; };
		C851808324CE7603007E22EA /* CurrencyTextField.swift */ = {isa = PBXFileReference; lastKnownFileType = sourcecode.swift; path = CurrencyTextField.swift; sourceTree = "<group>"; };
		C851808624CE76FE007E22EA /* Poppins-Regular.ttf */ = {isa = PBXFileReference; lastKnownFileType = file; path = "Poppins-Regular.ttf"; sourceTree = "<group>"; };
/* End PBXFileReference section */

/* Begin PBXFrameworksBuildPhase section */
		C81F7F5024CE72BE000A748D /* Frameworks */ = {
			isa = PBXFrameworksBuildPhase;
			buildActionMask = 2147483647;
			files = (
			);
			runOnlyForDeploymentPostprocessing = 0;
		};
/* End PBXFrameworksBuildPhase section */

/* Begin PBXGroup section */
		C81F7F4A24CE72BE000A748D = {
			isa = PBXGroup;
			children = (
				C81F7F5524CE72BE000A748D /* TipPal */,
				C81F7F5424CE72BE000A748D /* Products */,
			);
			sourceTree = "<group>";
		};
		C81F7F5424CE72BE000A748D /* Products */ = {
			isa = PBXGroup;
			children = (
				C81F7F5324CE72BE000A748D /* TipPal.app */,
			);
			name = Products;
			sourceTree = "<group>";
		};
		C81F7F5524CE72BE000A748D /* TipPal */ = {
			isa = PBXGroup;
			children = (
				C81F7F6424CE72BF000A748D /* Info.plist */,
				C81F7F5F24CE72BF000A748D /* Assets.xcassets */,
				C851808524CE76A5007E22EA /* Fonts */,
				C81F7F6124CE72BF000A748D /* LaunchScreen.storyboard */,
				C81F7F5C24CE72BE000A748D /* Main.storyboard */,
				C81F7F5624CE72BE000A748D /* AppDelegate.swift */,
				C81F7F5824CE72BE000A748D /* SceneDelegate.swift */,
				C81F7F6B24CE752C000A748D /* View Controllers */,
				C851808224CE75DF007E22EA /* Custom Classes */,
				C851807F24CE75B6007E22EA /* Stylers */,
			);
			path = TipPal;
			sourceTree = "<group>";
		};
		C81F7F6B24CE752C000A748D /* View Controllers */ = {
			isa = PBXGroup;
			children = (
				C81F7F5A24CE72BE000A748D /* ViewController.swift */,
			);
			path = "View Controllers";
			sourceTree = "<group>";
		};
		C851807F24CE75B6007E22EA /* Stylers */ = {
			isa = PBXGroup;
			children = (
				C851808024CE75C7007E22EA /* ViewControllerStyler.swift */,
			);
			path = Stylers;
			sourceTree = "<group>";
		};
		C851808224CE75DF007E22EA /* Custom Classes */ = {
			isa = PBXGroup;
			children = (
				C851808324CE7603007E22EA /* CurrencyTextField.swift */,
			);
			path = "Custom Classes";
			sourceTree = "<group>";
		};
		C851808524CE76A5007E22EA /* Fonts */ = {
			isa = PBXGroup;
			children = (
				C851808624CE76FE007E22EA /* Poppins-Regular.ttf */,
			);
			path = Fonts;
			sourceTree = "<group>";
		};
/* End PBXGroup section */

/* Begin PBXNativeTarget section */
		C81F7F5224CE72BE000A748D /* TipPal */ = {
			isa = PBXNativeTarget;
			buildConfigurationList = C81F7F6724CE72BF000A748D /* Build configuration list for PBXNativeTarget "TipPal" */;
			buildPhases = (
				C81F7F4F24CE72BE000A748D /* Sources */,
				C81F7F5024CE72BE000A748D /* Frameworks */,
				C81F7F5124CE72BE000A748D /* Resources */,
			);
			buildRules = (
			);
			dependencies = (
			);
			name = TipPal;
			productName = TipPal;
			productReference = C81F7F5324CE72BE000A748D /* TipPal.app */;
			productType = "com.apple.product-type.application";
		};
/* End PBXNativeTarget section */

/* Begin PBXProject section */
		C81F7F4B24CE72BE000A748D /* Project object */ = {
			isa = PBXProject;
			attributes = {
				LastSwiftUpdateCheck = 1160;
				LastUpgradeCheck = 1160;
				ORGANIZATIONNAME = Codepath;
				TargetAttributes = {
					C81F7F5224CE72BE000A748D = {
						CreatedOnToolsVersion = 11.6;
					};
				};
			};
			buildConfigurationList = C81F7F4E24CE72BE000A748D /* Build configuration list for PBXProject "TipPal" */;
			compatibilityVersion = "Xcode 9.3";
			developmentRegion = en;
			hasScannedForEncodings = 0;
			knownRegions = (
				en,
				Base,
			);
			mainGroup = C81F7F4A24CE72BE000A748D;
			productRefGroup = C81F7F5424CE72BE000A748D /* Products */;
			projectDirPath = "";
			projectRoot = "";
			targets = (
				C81F7F5224CE72BE000A748D /* TipPal */,
			);
		};
/* End PBXProject section */

/* Begin PBXResourcesBuildPhase section */
		C81F7F5124CE72BE000A748D /* Resources */ = {
			isa = PBXResourcesBuildPhase;
			buildActionMask = 2147483647;
			files = (
				C81F7F6324CE72BF000A748D /* LaunchScreen.storyboard in Resources */,
				C81F7F6024CE72BF000A748D /* Assets.xcassets in Resources */,
				C81F7F5E24CE72BE000A748D /* Main.storyboard in Resources */,
				C851808724CE76FE007E22EA /* Poppins-Regular.ttf in Resources */,
			);
			runOnlyForDeploymentPostprocessing = 0;
		};
/* End PBXResourcesBuildPhase section */

/* Begin PBXSourcesBuildPhase section */
		C81F7F4F24CE72BE000A748D /* Sources */ = {
			isa = PBXSourcesBuildPhase;
			buildActionMask = 2147483647;
			files = (
				C81F7F5B24CE72BE000A748D /* ViewController.swift in Sources */,
				C81F7F5724CE72BE000A748D /* AppDelegate.swift in Sources */,
				C81F7F5924CE72BE000A748D /* SceneDelegate.swift in Sources */,
				C851808424CE7603007E22EA /* CurrencyTextField.swift in Sources */,
				C851808124CE75C7007E22EA /* ViewControllerStyler.swift in Sources */,
			);
			runOnlyForDeploymentPostprocessing = 0;
		};
/* End PBXSourcesBuildPhase section */

/* Begin PBXVariantGroup section */
		C81F7F5C24CE72BE000A748D /* Main.storyboard */ = {
			isa = PBXVariantGroup;
			children = (
				C81F7F5D24CE72BE000A748D /* Base */,
			);
			name = Main.storyboard;
			sourceTree = "<group>";
		};
		C81F7F6124CE72BF000A748D /* LaunchScreen.storyboard */ = {
			isa = PBXVariantGroup;
			children = (
				C81F7F6224CE72BF000A748D /* Base */,
			);
			name = LaunchScreen.storyboard;
			sourceTree = "<group>";
		};
/* End PBXVariantGroup section */

/* Begin XCBuildConfiguration section */
		C81F7F6524CE72BF000A748D /* Debug */ = {
			isa = XCBuildConfiguration;
			buildSettings = {
				ALWAYS_SEARCH_USER_PATHS = NO;
				CLANG_ANALYZER_NONNULL = YES;
				CLANG_ANALYZER_NUMBER_OBJECT_CONVERSION = YES_AGGRESSIVE;
				CLANG_CXX_LANGUAGE_STANDARD = "gnu++14";
				CLANG_CXX_LIBRARY = "libc++";
				CLANG_ENABLE_MODULES = YES;
				CLANG_ENABLE_OBJC_ARC = YES;
				CLANG_ENABLE_OBJC_WEAK = YES;
				CLANG_WARN_BLOCK_CAPTURE_AUTORELEASING = YES;
				CLANG_WARN_BOOL_CONVERSION = YES;
				CLANG_WARN_COMMA = YES;
				CLANG_WARN_CONSTANT_CONVERSION = YES;
				CLANG_WARN_DEPRECATED_OBJC_IMPLEMENTATIONS = YES;
				CLANG_WARN_DIRECT_OBJC_ISA_USAGE = YES_ERROR;
				CLANG_WARN_DOCUMENTATION_COMMENTS = YES;
				CLANG_WARN_EMPTY_BODY = YES;
				CLANG_WARN_ENUM_CONVERSION = YES;
				CLANG_WARN_INFINITE_RECURSION = YES;
				CLANG_WARN_INT_CONVERSION = YES;
				CLANG_WARN_NON_LITERAL_NULL_CONVERSION = YES;
				CLANG_WARN_OBJC_IMPLICIT_RETAIN_SELF = YES;
				CLANG_WARN_OBJC_LITERAL_CONVERSION = YES;
				CLANG_WARN_OBJC_ROOT_CLASS = YES_ERROR;
				CLANG_WARN_RANGE_LOOP_ANALYSIS = YES;
				CLANG_WARN_STRICT_PROTOTYPES = YES;
				CLANG_WARN_SUSPICIOUS_MOVE = YES;
				CLANG_WARN_UNGUARDED_AVAILABILITY = YES_AGGRESSIVE;
				CLANG_WARN_UNREACHABLE_CODE = YES;
				CLANG_WARN__DUPLICATE_METHOD_MATCH = YES;
				COPY_PHASE_STRIP = NO;
				DEBUG_INFORMATION_FORMAT = dwarf;
				ENABLE_STRICT_OBJC_MSGSEND = YES;
				ENABLE_TESTABILITY = YES;
				GCC_C_LANGUAGE_STANDARD = gnu11;
				GCC_DYNAMIC_NO_PIC = NO;
				GCC_NO_COMMON_BLOCKS = YES;
				GCC_OPTIMIZATION_LEVEL = 0;
				GCC_PREPROCESSOR_DEFINITIONS = (
					"DEBUG=1",
					"$(inherited)",
				);
				GCC_WARN_64_TO_32_BIT_CONVERSION = YES;
				GCC_WARN_ABOUT_RETURN_TYPE = YES_ERROR;
				GCC_WARN_UNDECLARED_SELECTOR = YES;
				GCC_WARN_UNINITIALIZED_AUTOS = YES_AGGRESSIVE;
				GCC_WARN_UNUSED_FUNCTION = YES;
				GCC_WARN_UNUSED_VARIABLE = YES;
				IPHONEOS_DEPLOYMENT_TARGET = 13.6;
				MTL_ENABLE_DEBUG_INFO = INCLUDE_SOURCE;
				MTL_FAST_MATH = YES;
				ONLY_ACTIVE_ARCH = YES;
				SDKROOT = iphoneos;
				SWIFT_ACTIVE_COMPILATION_CONDITIONS = DEBUG;
				SWIFT_OPTIMIZATION_LEVEL = "-Onone";
			};
			name = Debug;
		};
		C81F7F6624CE72BF000A748D /* Release */ = {
			isa = XCBuildConfiguration;
			buildSettings = {
				ALWAYS_SEARCH_USER_PATHS = NO;
				CLANG_ANALYZER_NONNULL = YES;
				CLANG_ANALYZER_NUMBER_OBJECT_CONVERSION = YES_AGGRESSIVE;
				CLANG_CXX_LANGUAGE_STANDARD = "gnu++14";
				CLANG_CXX_LIBRARY = "libc++";
				CLANG_ENABLE_MODULES = YES;
				CLANG_ENABLE_OBJC_ARC = YES;
				CLANG_ENABLE_OBJC_WEAK = YES;
				CLANG_WARN_BLOCK_CAPTURE_AUTORELEASING = YES;
				CLANG_WARN_BOOL_CONVERSION = YES;
				CLANG_WARN_COMMA = YES;
				CLANG_WARN_CONSTANT_CONVERSION = YES;
				CLANG_WARN_DEPRECATED_OBJC_IMPLEMENTATIONS = YES;
				CLANG_WARN_DIRECT_OBJC_ISA_USAGE = YES_ERROR;
				CLANG_WARN_DOCUMENTATION_COMMENTS = YES;
				CLANG_WARN_EMPTY_BODY = YES;
				CLANG_WARN_ENUM_CONVERSION = YES;
				CLANG_WARN_INFINITE_RECURSION = YES;
				CLANG_WARN_INT_CONVERSION = YES;
				CLANG_WARN_NON_LITERAL_NULL_CONVERSION = YES;
				CLANG_WARN_OBJC_IMPLICIT_RETAIN_SELF = YES;
				CLANG_WARN_OBJC_LITERAL_CONVERSION = YES;
				CLANG_WARN_OBJC_ROOT_CLASS = YES_ERROR;
				CLANG_WARN_RANGE_LOOP_ANALYSIS = YES;
				CLANG_WARN_STRICT_PROTOTYPES = YES;
				CLANG_WARN_SUSPICIOUS_MOVE = YES;
				CLANG_WARN_UNGUARDED_AVAILABILITY = YES_AGGRESSIVE;
				CLANG_WARN_UNREACHABLE_CODE = YES;
				CLANG_WARN__DUPLICATE_METHOD_MATCH = YES;
				COPY_PHASE_STRIP = NO;
				DEBUG_INFORMATION_FORMAT = "dwarf-with-dsym";
				ENABLE_NS_ASSERTIONS = NO;
				ENABLE_STRICT_OBJC_MSGSEND = YES;
				GCC_C_LANGUAGE_STANDARD = gnu11;
				GCC_NO_COMMON_BLOCKS = YES;
				GCC_WARN_64_TO_32_BIT_CONVERSION = YES;
				GCC_WARN_ABOUT_RETURN_TYPE = YES_ERROR;
				GCC_WARN_UNDECLARED_SELECTOR = YES;
				GCC_WARN_UNINITIALIZED_AUTOS = YES_AGGRESSIVE;
				GCC_WARN_UNUSED_FUNCTION = YES;
				GCC_WARN_UNUSED_VARIABLE = YES;
				IPHONEOS_DEPLOYMENT_TARGET = 13.6;
				MTL_ENABLE_DEBUG_INFO = NO;
				MTL_FAST_MATH = YES;
				SDKROOT = iphoneos;
				SWIFT_COMPILATION_MODE = wholemodule;
				SWIFT_OPTIMIZATION_LEVEL = "-O";
				VALIDATE_PRODUCT = YES;
			};
			name = Release;
		};
		C81F7F6824CE72BF000A748D /* Debug */ = {
			isa = XCBuildConfiguration;
			buildSettings = {
				ASSETCATALOG_COMPILER_APPICON_NAME = AppIcon;
				CODE_SIGN_STYLE = Automatic;
				DEVELOPMENT_TEAM = 5P6U7R349N;
				INFOPLIST_FILE = TipPal/Info.plist;
				LD_RUNPATH_SEARCH_PATHS = (
					"$(inherited)",
					"@executable_path/Frameworks",
				);
				PRODUCT_BUNDLE_IDENTIFIER = Codepath.TipPal;
				PRODUCT_NAME = "$(TARGET_NAME)";
				SWIFT_VERSION = 5.0;
				TARGETED_DEVICE_FAMILY = "1,2";
			};
			name = Debug;
		};
		C81F7F6924CE72BF000A748D /* Release */ = {
			isa = XCBuildConfiguration;
			buildSettings = {
				ASSETCATALOG_COMPILER_APPICON_NAME = AppIcon;
				CODE_SIGN_STYLE = Automatic;
				DEVELOPMENT_TEAM = 5P6U7R349N;
				INFOPLIST_FILE = TipPal/Info.plist;
				LD_RUNPATH_SEARCH_PATHS = (
					"$(inherited)",
					"@executable_path/Frameworks",
				);
				PRODUCT_BUNDLE_IDENTIFIER = Codepath.TipPal;
				PRODUCT_NAME = "$(TARGET_NAME)";
				SWIFT_VERSION = 5.0;
				TARGETED_DEVICE_FAMILY = "1,2";
			};
			name = Release;
		};
/* End XCBuildConfiguration section */

/* Begin XCConfigurationList section */
		C81F7F4E24CE72BE000A748D /* Build configuration list for PBXProject "TipPal" */ = {
			isa = XCConfigurationList;
			buildConfigurations = (
				C81F7F6524CE72BF000A748D /* Debug */,
				C81F7F6624CE72BF000A748D /* Release */,
			);
			defaultConfigurationIsVisible = 0;
			defaultConfigurationName = Release;
		};
		C81F7F6724CE72BF000A748D /* Build configuration list for PBXNativeTarget "TipPal" */ = {
			isa = XCConfigurationList;
			buildConfigurations = (
				C81F7F6824CE72BF000A748D /* Debug */,
				C81F7F6924CE72BF000A748D /* Release */,
			);
			defaultConfigurationIsVisible = 0;
			defaultConfigurationName = Release;
		};
/* End XCConfigurationList section */
	};
	rootObject = C81F7F4B24CE72BE000A748D /* Project object */;
}
